// !$*UTF8*$!
{
	archiveVersion = 1;
	classes = {
	};
	objectVersion = 46;
	objects = {

/* Begin PBXBuildFile section */
		4B931B471F2D735F004EA116 /* AppDelegate.swift in Sources */ = {isa = PBXBuildFile; fileRef = 4B931B461F2D735F004EA116 /* AppDelegate.swift */; };
		4B931B491F2D735F004EA116 /* ViewController.swift in Sources */ = {isa = PBXBuildFile; fileRef = 4B931B481F2D735F004EA116 /* ViewController.swift */; };
		4B931B4C1F2D7360004EA116 /* Main.storyboard in Resources */ = {isa = PBXBuildFile; fileRef = 4B931B4A1F2D7360004EA116 /* Main.storyboard */; };
		4B931B4E1F2D7360004EA116 /* Assets.xcassets in Resources */ = {isa = PBXBuildFile; fileRef = 4B931B4D1F2D7360004EA116 /* Assets.xcassets */; };
		4B931B511F2D7360004EA116 /* LaunchScreen.storyboard in Resources */ = {isa = PBXBuildFile; fileRef = 4B931B4F1F2D7360004EA116 /* LaunchScreen.storyboard */; };
		4B931B5C1F2D7360004EA116 /* angelhackTests.swift in Sources */ = {isa = PBXBuildFile; fileRef = 4B931B5B1F2D7360004EA116 /* angelhackTests.swift */; };
/* End PBXBuildFile section */

/* Begin PBXContainerItemProxy section */
		4B931B581F2D7360004EA116 /* PBXContainerItemProxy */ = {
			isa = PBXContainerItemProxy;
			containerPortal = 4B931B3B1F2D735F004EA116 /* Project object */;
			proxyType = 1;
			remoteGlobalIDString = 4B931B421F2D735F004EA116;
			remoteInfo = angelhack;
		};
/* End PBXContainerItemProxy section */

/* Begin PBXFileReference section */
		4B931B431F2D735F004EA116 /* angelhack.app */ = {isa = PBXFileReference; explicitFileType = wrapper.application; includeInIndex = 0; path = angelhack.app; sourceTree = BUILT_PRODUCTS_DIR; };
		4B931B461F2D735F004EA116 /* AppDelegate.swift */ = {isa = PBXFileReference; lastKnownFileType = sourcecode.swift; path = AppDelegate.swift; sourceTree = "<group>"; };
		4B931B481F2D735F004EA116 /* ViewController.swift */ = {isa = PBXFileReference; lastKnownFileType = sourcecode.swift; path = ViewController.swift; sourceTree = "<group>"; };
		4B931B4B1F2D7360004EA116 /* Base */ = {isa = PBXFileReference; lastKnownFileType = file.storyboard; name = Base; path = Base.lproj/Main.storyboard; sourceTree = "<group>"; };
		4B931B4D1F2D7360004EA116 /* Assets.xcassets */ = {isa = PBXFileReference; lastKnownFileType = folder.assetcatalog; path = Assets.xcassets; sourceTree = "<group>"; };
		4B931B501F2D7360004EA116 /* Base */ = {isa = PBXFileReference; lastKnownFileType = file.storyboard; name = Base; path = Base.lproj/LaunchScreen.storyboard; sourceTree = "<group>"; };
		4B931B521F2D7360004EA116 /* Info.plist */ = {isa = PBXFileReference; lastKnownFileType = text.plist.xml; path = Info.plist; sourceTree = "<group>"; };
		4B931B571F2D7360004EA116 /* angelhackTests.xctest */ = {isa = PBXFileReference; explicitFileType = wrapper.cfbundle; includeInIndex = 0; path = angelhackTests.xctest; sourceTree = BUILT_PRODUCTS_DIR; };
		4B931B5B1F2D7360004EA116 /* angelhackTests.swift */ = {isa = PBXFileReference; lastKnownFileType = sourcecode.swift; path = angelhackTests.swift; sourceTree = "<group>"; };
		4B931B5D1F2D7360004EA116 /* Info.plist */ = {isa = PBXFileReference; lastKnownFileType = text.plist.xml; path = Info.plist; sourceTree = "<group>"; };
/* End PBXFileReference section */

/* Begin PBXFrameworksBuildPhase section */
		4B931B401F2D735F004EA116 /* Frameworks */ = {
			isa = PBXFrameworksBuildPhase;
			buildActionMask = 2147483647;
			files = (
			);
			runOnlyForDeploymentPostprocessing = 0;
		};
		4B931B541F2D7360004EA116 /* Frameworks */ = {
			isa = PBXFrameworksBuildPhase;
			buildActionMask = 2147483647;
			files = (
			);
			runOnlyForDeploymentPostprocessing = 0;
		};
/* End PBXFrameworksBuildPhase section */

/* Begin PBXGroup section */
		4B931B3A1F2D735F004EA116 = {
			isa = PBXGroup;
			children = (
				4B931B451F2D735F004EA116 /* angelhack */,
				4B931B5A1F2D7360004EA116 /* angelhackTests */,
				4B931B441F2D735F004EA116 /* Products */,
			);
			sourceTree = "<group>";
		};
		4B931B441F2D735F004EA116 /* Products */ = {
			isa = PBXGroup;
			children = (
				4B931B431F2D735F004EA116 /* angelhack.app */,
				4B931B571F2D7360004EA116 /* angelhackTests.xctest */,
			);
			name = Products;
			sourceTree = "<group>";
		};
		4B931B451F2D735F004EA116 /* angelhack */ = {
			isa = PBXGroup;
			children = (
				4B931B461F2D735F004EA116 /* AppDelegate.swift */,
				4B931B481F2D735F004EA116 /* ViewController.swift */,
				4B931B4A1F2D7360004EA116 /* Main.storyboard */,
				4B931B4D1F2D7360004EA116 /* Assets.xcassets */,
				4B931B4F1F2D7360004EA116 /* LaunchScreen.storyboard */,
				4B931B521F2D7360004EA116 /* Info.plist */,
			);
			path = angelhack;
			sourceTree = "<group>";
		};
		4B931B5A1F2D7360004EA116 /* angelhackTests */ = {
			isa = PBXGroup;
			children = (
				4B931B5B1F2D7360004EA116 /* angelhackTests.swift */,
				4B931B5D1F2D7360004EA116 /* Info.plist */,
			);
			path = angelhackTests;
			sourceTree = "<group>";
		};
/* End PBXGroup section */

/* Begin PBXNativeTarget section */
		4B931B421F2D735F004EA116 /* angelhack */ = {
			isa = PBXNativeTarget;
			buildConfigurationList = 4B931B601F2D7360004EA116 /* Build configuration list for PBXNativeTarget "angelhack" */;
			buildPhases = (
				4B931B3F1F2D735F004EA116 /* Sources */,
				4B931B401F2D735F004EA116 /* Frameworks */,
				4B931B411F2D735F004EA116 /* Resources */,
			);
			buildRules = (
			);
			dependencies = (
			);
			name = angelhack;
			productName = angelhack;
			productReference = 4B931B431F2D735F004EA116 /* angelhack.app */;
			productType = "com.apple.product-type.application";
		};
		4B931B561F2D7360004EA116 /* angelhackTests */ = {
			isa = PBXNativeTarget;
			buildConfigurationList = 4B931B631F2D7360004EA116 /* Build configuration list for PBXNativeTarget "angelhackTests" */;
			buildPhases = (
				4B931B531F2D7360004EA116 /* Sources */,
				4B931B541F2D7360004EA116 /* Frameworks */,
				4B931B551F2D7360004EA116 /* Resources */,
			);
			buildRules = (
			);
			dependencies = (
				4B931B591F2D7360004EA116 /* PBXTargetDependency */,
			);
			name = angelhackTests;
			productName = angelhackTests;
			productReference = 4B931B571F2D7360004EA116 /* angelhackTests.xctest */;
			productType = "com.apple.product-type.bundle.unit-test";
		};
/* End PBXNativeTarget section */

/* Begin PBXProject section */
		4B931B3B1F2D735F004EA116 /* Project object */ = {
			isa = PBXProject;
			attributes = {
				LastSwiftUpdateCheck = 0830;
				LastUpgradeCheck = 0830;
				ORGANIZATIONNAME = unjammy;
				TargetAttributes = {
					4B931B421F2D735F004EA116 = {
						CreatedOnToolsVersion = 8.3.3;
						ProvisioningStyle = Automatic;
					};
					4B931B561F2D7360004EA116 = {
						CreatedOnToolsVersion = 8.3.3;
						ProvisioningStyle = Automatic;
						TestTargetID = 4B931B421F2D735F004EA116;
					};
				};
			};
			buildConfigurationList = 4B931B3E1F2D735F004EA116 /* Build configuration list for PBXProject "angelhack-ios" */;
			compatibilityVersion = "Xcode 3.2";
			developmentRegion = English;
			hasScannedForEncodings = 0;
			knownRegions = (
				en,
				Base,
			);
			mainGroup = 4B931B3A1F2D735F004EA116;
			productRefGroup = 4B931B441F2D735F004EA116 /* Products */;
			projectDirPath = "";
			projectRoot = "";
			targets = (
				4B931B421F2D735F004EA116 /* angelhack */,
				4B931B561F2D7360004EA116 /* angelhackTests */,
			);
		};
/* End PBXProject section */

/* Begin PBXResourcesBuildPhase section */
		4B931B411F2D735F004EA116 /* Resources */ = {
			isa = PBXResourcesBuildPhase;
			buildActionMask = 2147483647;
			files = (
				4B931B511F2D7360004EA116 /* LaunchScreen.storyboard in Resources */,
				4B931B4E1F2D7360004EA116 /* Assets.xcassets in Resources */,
				4B931B4C1F2D7360004EA116 /* Main.storyboard in Resources */,
			);
			runOnlyForDeploymentPostprocessing = 0;
		};
		4B931B551F2D7360004EA116 /* Resources */ = {
			isa = PBXResourcesBuildPhase;
			buildActionMask = 2147483647;
			files = (
			);
			runOnlyForDeploymentPostprocessing = 0;
		};
/* End PBXResourcesBuildPhase section */

/* Begin PBXSourcesBuildPhase section */
		4B931B3F1F2D735F004EA116 /* Sources */ = {
			isa = PBXSourcesBuildPhase;
			buildActionMask = 2147483647;
			files = (
				4B931B491F2D735F004EA116 /* ViewController.swift in Sources */,
				4B931B471F2D735F004EA116 /* AppDelegate.swift in Sources */,
			);
			runOnlyForDeploymentPostprocessing = 0;
		};
		4B931B531F2D7360004EA116 /* Sources */ = {
			isa = PBXSourcesBuildPhase;
			buildActionMask = 2147483647;
			files = (
				4B931B5C1F2D7360004EA116 /* angelhackTests.swift in Sources */,
			);
			runOnlyForDeploymentPostprocessing = 0;
		};
/* End PBXSourcesBuildPhase section */

/* Begin PBXTargetDependency section */
		4B931B591F2D7360004EA116 /* PBXTargetDependency */ = {
			isa = PBXTargetDependency;
			target = 4B931B421F2D735F004EA116 /* angelhack */;
			targetProxy = 4B931B581F2D7360004EA116 /* PBXContainerItemProxy */;
		};
/* End PBXTargetDependency section */

/* Begin PBXVariantGroup section */
		4B931B4A1F2D7360004EA116 /* Main.storyboard */ = {
			isa = PBXVariantGroup;
			children = (
				4B931B4B1F2D7360004EA116 /* Base */,
			);
			name = Main.storyboard;
			sourceTree = "<group>";
		};
		4B931B4F1F2D7360004EA116 /* LaunchScreen.storyboard */ = {
			isa = PBXVariantGroup;
			children = (
				4B931B501F2D7360004EA116 /* Base */,
			);
			name = LaunchScreen.storyboard;
			sourceTree = "<group>";
		};
/* End PBXVariantGroup section */

/* Begin XCBuildConfiguration section */
		4B931B5E1F2D7360004EA116 /* Debug */ = {
			isa = XCBuildConfiguration;
			buildSettings = {
				ALWAYS_SEARCH_USER_PATHS = NO;
				CLANG_ANALYZER_NONNULL = YES;
				CLANG_ANALYZER_NUMBER_OBJECT_CONVERSION = YES_AGGRESSIVE;
				CLANG_CXX_LANGUAGE_STANDARD = "gnu++0x";
				CLANG_CXX_LIBRARY = "libc++";
				CLANG_ENABLE_MODULES = YES;
				CLANG_ENABLE_OBJC_ARC = YES;
				CLANG_WARN_BOOL_CONVERSION = YES;
				CLANG_WARN_CONSTANT_CONVERSION = YES;
				CLANG_WARN_DIRECT_OBJC_ISA_USAGE = YES_ERROR;
				CLANG_WARN_DOCUMENTATION_COMMENTS = YES;
				CLANG_WARN_EMPTY_BODY = YES;
				CLANG_WARN_ENUM_CONVERSION = YES;
				CLANG_WARN_INFINITE_RECURSION = YES;
				CLANG_WARN_INT_CONVERSION = YES;
				CLANG_WARN_OBJC_ROOT_CLASS = YES_ERROR;
				CLANG_WARN_SUSPICIOUS_MOVE = YES;
				CLANG_WARN_UNREACHABLE_CODE = YES;
				CLANG_WARN__DUPLICATE_METHOD_MATCH = YES;
				"CODE_SIGN_IDENTITY[sdk=iphoneos*]" = "iPhone Developer";
				COPY_PHASE_STRIP = NO;
				DEBUG_INFORMATION_FORMAT = dwarf;
				ENABLE_STRICT_OBJC_MSGSEND = YES;
				ENABLE_TESTABILITY = YES;
				GCC_C_LANGUAGE_STANDARD = gnu99;
				GCC_DYNAMIC_NO_PIC = NO;
				GCC_NO_COMMON_BLOCKS = YES;
				GCC_OPTIMIZATION_LEVEL = 0;
				GCC_PREPROCESSOR_DEFINITIONS = (
					"DEBUG=1",
					"$(inherited)",
				);
				GCC_WARN_64_TO_32_BIT_CONVERSION = YES;
				GCC_WARN_ABOUT_RETURN_TYPE = YES_ERROR;
				GCC_WARN_UNDECLARED_SELECTOR = YES;
				GCC_WARN_UNINITIALIZED_AUTOS = YES_AGGRESSIVE;
				GCC_WARN_UNUSED_FUNCTION = YES;
				GCC_WARN_UNUSED_VARIABLE = YES;
				IPHONEOS_DEPLOYMENT_TARGET = 10.3;
				MTL_ENABLE_DEBUG_INFO = YES;
				ONLY_ACTIVE_ARCH = YES;
				SDKROOT = iphoneos;
				SWIFT_ACTIVE_COMPILATION_CONDITIONS = DEBUG;
				SWIFT_OPTIMIZATION_LEVEL = "-Onone";
				TARGETED_DEVICE_FAMILY = "1,2";
			};
			name = Debug;
		};
		4B931B5F1F2D7360004EA116 /* Release */ = {
			isa = XCBuildConfiguration;
			buildSettings = {
				ALWAYS_SEARCH_USER_PATHS = NO;
				CLANG_ANALYZER_NONNULL = YES;
				CLANG_ANALYZER_NUMBER_OBJECT_CONVERSION = YES_AGGRESSIVE;
				CLANG_CXX_LANGUAGE_STANDARD = "gnu++0x";
				CLANG_CXX_LIBRARY = "libc++";
				CLANG_ENABLE_MODULES = YES;
				CLANG_ENABLE_OBJC_ARC = YES;
				CLANG_WARN_BOOL_CONVERSION = YES;
				CLANG_WARN_CONSTANT_CONVERSION = YES;
				CLANG_WARN_DIRECT_OBJC_ISA_USAGE = YES_ERROR;
				CLANG_WARN_DOCUMENTATION_COMMENTS = YES;
				CLANG_WARN_EMPTY_BODY = YES;
				CLANG_WARN_ENUM_CONVERSION = YES;
				CLANG_WARN_INFINITE_RECURSION = YES;
				CLANG_WARN_INT_CONVERSION = YES;
				CLANG_WARN_OBJC_ROOT_CLASS = YES_ERROR;
				CLANG_WARN_SUSPICIOUS_MOVE = YES;
				CLANG_WARN_UNREACHABLE_CODE = YES;
				CLANG_WARN__DUPLICATE_METHOD_MATCH = YES;
				"CODE_SIGN_IDENTITY[sdk=iphoneos*]" = "iPhone Developer";
				COPY_PHASE_STRIP = NO;
				DEBUG_INFORMATION_FORMAT = "dwarf-with-dsym";
				ENABLE_NS_ASSERTIONS = NO;
				ENABLE_STRICT_OBJC_MSGSEND = YES;
				GCC_C_LANGUAGE_STANDARD = gnu99;
				GCC_NO_COMMON_BLOCKS = YES;
				GCC_WARN_64_TO_32_BIT_CONVERSION = YES;
				GCC_WARN_ABOUT_RETURN_TYPE = YES_ERROR;
				GCC_WARN_UNDECLARED_SELECTOR = YES;
				GCC_WARN_UNINITIALIZED_AUTOS = YES_AGGRESSIVE;
				GCC_WARN_UNUSED_FUNCTION = YES;
				GCC_WARN_UNUSED_VARIABLE = YES;
				IPHONEOS_DEPLOYMENT_TARGET = 10.3;
				MTL_ENABLE_DEBUG_INFO = NO;
				SDKROOT = iphoneos;
				SWIFT_OPTIMIZATION_LEVEL = "-Owholemodule";
				TARGETED_DEVICE_FAMILY = "1,2";
				VALIDATE_PRODUCT = YES;
			};
			name = Release;
		};
		4B931B611F2D7360004EA116 /* Debug */ = {
			isa = XCBuildConfiguration;
			buildSettings = {
				ASSETCATALOG_COMPILER_APPICON_NAME = AppIcon;
				INFOPLIST_FILE = angelhack/Info.plist;
				LD_RUNPATH_SEARCH_PATHS = "$(inherited) @executable_path/Frameworks";
				PRODUCT_BUNDLE_IDENTIFIER = com.example.angelhack;
				PRODUCT_NAME = "$(TARGET_NAME)";
				SWIFT_VERSION = 3.0;
			};
			name = Debug;
		};
		4B931B621F2D7360004EA116 /* Release */ = {
			isa = XCBuildConfiguration;
			buildSettings = {
				ASSETCATALOG_COMPILER_APPICON_NAME = AppIcon;
				INFOPLIST_FILE = angelhack/Info.plist;
				LD_RUNPATH_SEARCH_PATHS = "$(inherited) @executable_path/Frameworks";
				PRODUCT_BUNDLE_IDENTIFIER = com.example.angelhack;
				PRODUCT_NAME = "$(TARGET_NAME)";
				SWIFT_VERSION = 3.0;
			};
			name = Release;
		};
		4B931B641F2D7360004EA116 /* Debug */ = {
			isa = XCBuildConfiguration;
			buildSettings = {
				ALWAYS_EMBED_SWIFT_STANDARD_LIBRARIES = YES;
				BUNDLE_LOADER = "$(TEST_HOST)";
				INFOPLIST_FILE = angelhackTests/Info.plist;
				LD_RUNPATH_SEARCH_PATHS = "$(inherited) @executable_path/Frameworks @loader_path/Frameworks";
				PRODUCT_BUNDLE_IDENTIFIER = com.example.angelhackTests;
				PRODUCT_NAME = "$(TARGET_NAME)";
				SWIFT_VERSION = 3.0;
				TEST_HOST = "$(BUILT_PRODUCTS_DIR)/angelhack.app/angelhack";
			};
			name = Debug;
		};
		4B931B651F2D7360004EA116 /* Release */ = {
			isa = XCBuildConfiguration;
			buildSettings = {
				ALWAYS_EMBED_SWIFT_STANDARD_LIBRARIES = YES;
				BUNDLE_LOADER = "$(TEST_HOST)";
				INFOPLIST_FILE = angelhackTests/Info.plist;
				LD_RUNPATH_SEARCH_PATHS = "$(inherited) @executable_path/Frameworks @loader_path/Frameworks";
				PRODUCT_BUNDLE_IDENTIFIER = com.example.angelhackTests;
				PRODUCT_NAME = "$(TARGET_NAME)";
				SWIFT_VERSION = 3.0;
				TEST_HOST = "$(BUILT_PRODUCTS_DIR)/angelhack.app/angelhack";
			};
			name = Release;
		};
/* End XCBuildConfiguration section */

/* Begin XCConfigurationList section */
		4B931B3E1F2D735F004EA116 /* Build configuration list for PBXProject "angelhack-ios" */ = {
			isa = XCConfigurationList;
			buildConfigurations = (
				4B931B5E1F2D7360004EA116 /* Debug */,
				4B931B5F1F2D7360004EA116 /* Release */,
			);
			defaultConfigurationIsVisible = 0;
			defaultConfigurationName = Release;
		};
		4B931B601F2D7360004EA116 /* Build configuration list for PBXNativeTarget "angelhack" */ = {
			isa = XCConfigurationList;
			buildConfigurations = (
				4B931B611F2D7360004EA116 /* Debug */,
				4B931B621F2D7360004EA116 /* Release */,
			);
			defaultConfigurationIsVisible = 0;
		};
		4B931B631F2D7360004EA116 /* Build configuration list for PBXNativeTarget "angelhackTests" */ = {
			isa = XCConfigurationList;
			buildConfigurations = (
				4B931B641F2D7360004EA116 /* Debug */,
				4B931B651F2D7360004EA116 /* Release */,
			);
			defaultConfigurationIsVisible = 0;
		};
/* End XCConfigurationList section */
	};
	rootObject = 4B931B3B1F2D735F004EA116 /* Project object */;
}
